{
    "_readme": [
        "This file locks the dependencies of your project to a known state",
        "Read more about it at https://getcomposer.org/doc/01-basic-usage.md#installing-dependencies",
        "This file is @generated automatically"
    ],
    "content-hash": "135c71dae5f695347580552a0b7601a6",
    "packages": [],
    "packages-dev": [],
    "aliases": [],
    "minimum-stability": "stable",
    "stability-flags": {},
    "prefer-stable": false,
    "prefer-lowest": false,
    "platform": {
        "php": ">=5.6",
        "ext-curl": "*",
        "ext-json": "*",
        "ext-pdo": "*"
    },
    "platform-dev": {},
    "platform-overrides": {
        "php": "5.6.0"
    },
    "plugin-api-version": "2.9.0"
}
